// !$*UTF8*$!
{
	archiveVersion = 1;
	classes = {
	};
	objectVersion = 56;
	objects = {

/* Begin PBXBuildFile section */
		8490582CEA75F1B8AEE2B710 /* Pods_FavBest.framework in Frameworks */ = {isa = PBXBuildFile; fileRef = 1DA5A9003C6BEC1F94AA5C5B /* Pods_FavBest.framework */; };
		B64695A72C82700000033BD5 /* Section n tableview.swift in Sources */ = {isa = PBXBuildFile; fileRef = B64695A62C82700000033BD5 /* Section n tableview.swift */; };
		B64DCBB92C57F82E00782BD3 /* AppDelegate.swift in Sources */ = {isa = PBXBuildFile; fileRef = B64DCBB82C57F82E00782BD3 /* AppDelegate.swift */; };
		B64DCBBB2C57F82E00782BD3 /* SceneDelegate.swift in Sources */ = {isa = PBXBuildFile; fileRef = B64DCBBA2C57F82E00782BD3 /* SceneDelegate.swift */; };
		B64DCBBD2C57F82E00782BD3 /* ViewController.swift in Sources */ = {isa = PBXBuildFile; fileRef = B64DCBBC2C57F82E00782BD3 /* ViewController.swift */; };
		B64DCBC22C57F82F00782BD3 /* Assets.xcassets in Resources */ = {isa = PBXBuildFile; fileRef = B64DCBC12C57F82F00782BD3 /* Assets.xcassets */; };
		B64DCBC52C57F82F00782BD3 /* LaunchScreen.storyboard in Resources */ = {isa = PBXBuildFile; fileRef = B64DCBC32C57F82F00782BD3 /* LaunchScreen.storyboard */; };
		B64DCBD52C57FD1900782BD3 /* MainTabbarController.swift in Sources */ = {isa = PBXBuildFile; fileRef = B64DCBD42C57FD1900782BD3 /* MainTabbarController.swift */; };
		B64DCBD72C58481F00782BD3 /* HomeViewController.swift in Sources */ = {isa = PBXBuildFile; fileRef = B64DCBD62C58481F00782BD3 /* HomeViewController.swift */; };
		B64DCBDD2C5848B400782BD3 /* UpComingViewController.swift in Sources */ = {isa = PBXBuildFile; fileRef = B64DCBDC2C5848B400782BD3 /* UpComingViewController.swift */; };
		B64DCBDF2C5848BE00782BD3 /* SearchViewController.swift in Sources */ = {isa = PBXBuildFile; fileRef = B64DCBDE2C5848BE00782BD3 /* SearchViewController.swift */; };
		B64DCBE12C5848CC00782BD3 /* DownloadViewController.swift in Sources */ = {isa = PBXBuildFile; fileRef = B64DCBE02C5848CC00782BD3 /* DownloadViewController.swift */; };
		B6C3F39C2C5A8EEA00AA3DCA /* CollectionTableViewCell.swift in Sources */ = {isa = PBXBuildFile; fileRef = B6C3F39B2C5A8EEA00AA3DCA /* CollectionTableViewCell.swift */; };
		B6C3F39E2C5A93BB00AA3DCA /* MovieCollectionViewCell.swift in Sources */ = {isa = PBXBuildFile; fileRef = B6C3F39D2C5A93BB00AA3DCA /* MovieCollectionViewCell.swift */; };
		B6C3F3A02C5A968700AA3DCA /* CGFloat.swift in Sources */ = {isa = PBXBuildFile; fileRef = B6C3F39F2C5A968700AA3DCA /* CGFloat.swift */; };
		B6C3F3A42C5AE06D00AA3DCA /* MainHeaderView.swift in Sources */ = {isa = PBXBuildFile; fileRef = B6C3F3A32C5AE06D00AA3DCA /* MainHeaderView.swift */; };
		B6E4C41C2C5E7B3100B8AE61 /* ApiConstans.swift in Sources */ = {isa = PBXBuildFile; fileRef = B6E4C41B2C5E7B3100B8AE61 /* ApiConstans.swift */; };
		B6E4C41E2C5E839600B8AE61 /* ApiCaller.swift in Sources */ = {isa = PBXBuildFile; fileRef = B6E4C41D2C5E839600B8AE61 /* ApiCaller.swift */; };
		B6E4C4212C5E8BC200B8AE61 /* HomeViewModelContracts.swift in Sources */ = {isa = PBXBuildFile; fileRef = B6E4C4202C5E8BC200B8AE61 /* HomeViewModelContracts.swift */; };
		B6E4C4232C5ECA6800B8AE61 /* MovieModel.swift in Sources */ = {isa = PBXBuildFile; fileRef = B6E4C4222C5ECA6800B8AE61 /* MovieModel.swift */; };
		B6E4C4252C5ECFFB00B8AE61 /* HomeViewModel.swift in Sources */ = {isa = PBXBuildFile; fileRef = B6E4C4242C5ECFFB00B8AE61 /* HomeViewModel.swift */; };
		B6E4C4282C5F823300B8AE61 /* HomeViewModelBuilder.swift in Sources */ = {isa = PBXBuildFile; fileRef = B6E4C4272C5F823300B8AE61 /* HomeViewModelBuilder.swift */; };
/* End PBXBuildFile section */

/* Begin PBXFileReference section */
		1DA5A9003C6BEC1F94AA5C5B /* Pods_FavBest.framework */ = {isa = PBXFileReference; explicitFileType = wrapper.framework; includeInIndex = 0; path = Pods_FavBest.framework; sourceTree = BUILT_PRODUCTS_DIR; };
		4AFE5D7AF72EBF877A998E61 /* Pods-FavBest.release.xcconfig */ = {isa = PBXFileReference; includeInIndex = 1; lastKnownFileType = text.xcconfig; name = "Pods-FavBest.release.xcconfig"; path = "Target Support Files/Pods-FavBest/Pods-FavBest.release.xcconfig"; sourceTree = "<group>"; };
		B64695A62C82700000033BD5 /* Section n tableview.swift */ = {isa = PBXFileReference; lastKnownFileType = sourcecode.swift; path = "Section n tableview.swift"; sourceTree = "<group>"; };
		B64DCBB52C57F82E00782BD3 /* FavBest.app */ = {isa = PBXFileReference; explicitFileType = wrapper.application; includeInIndex = 0; path = FavBest.app; sourceTree = BUILT_PRODUCTS_DIR; };
		B64DCBB82C57F82E00782BD3 /* AppDelegate.swift */ = {isa = PBXFileReference; lastKnownFileType = sourcecode.swift; path = AppDelegate.swift; sourceTree = "<group>"; };
		B64DCBBA2C57F82E00782BD3 /* SceneDelegate.swift */ = {isa = PBXFileReference; lastKnownFileType = sourcecode.swift; path = SceneDelegate.swift; sourceTree = "<group>"; };
		B64DCBBC2C57F82E00782BD3 /* ViewController.swift */ = {isa = PBXFileReference; lastKnownFileType = sourcecode.swift; path = ViewController.swift; sourceTree = "<group>"; };
		B64DCBC12C57F82F00782BD3 /* Assets.xcassets */ = {isa = PBXFileReference; lastKnownFileType = folder.assetcatalog; path = Assets.xcassets; sourceTree = "<group>"; };
		B64DCBC42C57F82F00782BD3 /* Base */ = {isa = PBXFileReference; lastKnownFileType = file.storyboard; name = Base; path = Base.lproj/LaunchScreen.storyboard; sourceTree = "<group>"; };
		B64DCBC62C57F82F00782BD3 /* Info.plist */ = {isa = PBXFileReference; lastKnownFileType = text.plist.xml; path = Info.plist; sourceTree = "<group>"; };
		B64DCBD42C57FD1900782BD3 /* MainTabbarController.swift */ = {isa = PBXFileReference; lastKnownFileType = sourcecode.swift; path = MainTabbarController.swift; sourceTree = "<group>"; };
		B64DCBD62C58481F00782BD3 /* HomeViewController.swift */ = {isa = PBXFileReference; lastKnownFileType = sourcecode.swift; path = HomeViewController.swift; sourceTree = "<group>"; };
		B64DCBDC2C5848B400782BD3 /* UpComingViewController.swift */ = {isa = PBXFileReference; lastKnownFileType = sourcecode.swift; path = UpComingViewController.swift; sourceTree = "<group>"; };
		B64DCBDE2C5848BE00782BD3 /* SearchViewController.swift */ = {isa = PBXFileReference; lastKnownFileType = sourcecode.swift; path = SearchViewController.swift; sourceTree = "<group>"; };
		B64DCBE02C5848CC00782BD3 /* DownloadViewController.swift */ = {isa = PBXFileReference; lastKnownFileType = sourcecode.swift; path = DownloadViewController.swift; sourceTree = "<group>"; };
		B6C3F39B2C5A8EEA00AA3DCA /* CollectionTableViewCell.swift */ = {isa = PBXFileReference; lastKnownFileType = sourcecode.swift; path = CollectionTableViewCell.swift; sourceTree = "<group>"; };
		B6C3F39D2C5A93BB00AA3DCA /* MovieCollectionViewCell.swift */ = {isa = PBXFileReference; lastKnownFileType = sourcecode.swift; path = MovieCollectionViewCell.swift; sourceTree = "<group>"; };
		B6C3F39F2C5A968700AA3DCA /* CGFloat.swift */ = {isa = PBXFileReference; lastKnownFileType = sourcecode.swift; path = CGFloat.swift; sourceTree = "<group>"; };
		B6C3F3A32C5AE06D00AA3DCA /* MainHeaderView.swift */ = {isa = PBXFileReference; lastKnownFileType = sourcecode.swift; path = MainHeaderView.swift; sourceTree = "<group>"; };
		B6E4C41B2C5E7B3100B8AE61 /* ApiConstans.swift */ = {isa = PBXFileReference; lastKnownFileType = sourcecode.swift; path = ApiConstans.swift; sourceTree = "<group>"; };
		B6E4C41D2C5E839600B8AE61 /* ApiCaller.swift */ = {isa = PBXFileReference; lastKnownFileType = sourcecode.swift; path = ApiCaller.swift; sourceTree = "<group>"; };
		B6E4C4202C5E8BC200B8AE61 /* HomeViewModelContracts.swift */ = {isa = PBXFileReference; lastKnownFileType = sourcecode.swift; path = HomeViewModelContracts.swift; sourceTree = "<group>"; };
		B6E4C4222C5ECA6800B8AE61 /* MovieModel.swift */ = {isa = PBXFileReference; lastKnownFileType = sourcecode.swift; path = MovieModel.swift; sourceTree = "<group>"; };
		B6E4C4242C5ECFFB00B8AE61 /* HomeViewModel.swift */ = {isa = PBXFileReference; lastKnownFileType = sourcecode.swift; path = HomeViewModel.swift; sourceTree = "<group>"; };
		B6E4C4272C5F823300B8AE61 /* HomeViewModelBuilder.swift */ = {isa = PBXFileReference; lastKnownFileType = sourcecode.swift; path = HomeViewModelBuilder.swift; sourceTree = "<group>"; };
		FAB13DFD6C680357A7C307F7 /* Pods-FavBest.debug.xcconfig */ = {isa = PBXFileReference; includeInIndex = 1; lastKnownFileType = text.xcconfig; name = "Pods-FavBest.debug.xcconfig"; path = "Target Support Files/Pods-FavBest/Pods-FavBest.debug.xcconfig"; sourceTree = "<group>"; };
/* End PBXFileReference section */

/* Begin PBXFrameworksBuildPhase section */
		B64DCBB22C57F82E00782BD3 /* Frameworks */ = {
			isa = PBXFrameworksBuildPhase;
			buildActionMask = 2147483647;
			files = (
				8490582CEA75F1B8AEE2B710 /* Pods_FavBest.framework in Frameworks */,
			);
			runOnlyForDeploymentPostprocessing = 0;
		};
/* End PBXFrameworksBuildPhase section */

/* Begin PBXGroup section */
		8B33F67D62C8E9CC365BCEF6 /* Pods */ = {
			isa = PBXGroup;
			children = (
				FAB13DFD6C680357A7C307F7 /* Pods-FavBest.debug.xcconfig */,
				4AFE5D7AF72EBF877A998E61 /* Pods-FavBest.release.xcconfig */,
			);
			path = Pods;
			sourceTree = "<group>";
		};
		B648B3827F948D061E1B52F5 /* Frameworks */ = {
			isa = PBXGroup;
			children = (
				1DA5A9003C6BEC1F94AA5C5B /* Pods_FavBest.framework */,
			);
			name = Frameworks;
			sourceTree = "<group>";
		};
		B64DCBAC2C57F82E00782BD3 = {
			isa = PBXGroup;
			children = (
				B64DCBB72C57F82E00782BD3 /* FavBest */,
				B64DCBB62C57F82E00782BD3 /* Products */,
				8B33F67D62C8E9CC365BCEF6 /* Pods */,
				B648B3827F948D061E1B52F5 /* Frameworks */,
			);
			sourceTree = "<group>";
		};
		B64DCBB62C57F82E00782BD3 /* Products */ = {
			isa = PBXGroup;
			children = (
				B64DCBB52C57F82E00782BD3 /* FavBest.app */,
			);
			name = Products;
			sourceTree = "<group>";
		};
		B64DCBB72C57F82E00782BD3 /* FavBest */ = {
			isa = PBXGroup;
			children = (
				B6E4C4262C5ED92800B8AE61 /* Views */,
				B64DCBCC2C57F83800782BD3 /* Scene */,
				B64DCBCE2C57F85B00782BD3 /* Manager */,
				B64DCBD02C57F86B00782BD3 /* Model */,
				B64DCBD12C57F87B00782BD3 /* Extantion */,
				B64DCBCD2C57F84000782BD3 /* Support */,
			);
			path = FavBest;
			sourceTree = "<group>";
		};
		B64DCBCC2C57F83800782BD3 /* Scene */ = {
			isa = PBXGroup;
			children = (
				B64DCBD42C57FD1900782BD3 /* MainTabbarController.swift */,
				B64DCBDB2C58487500782BD3 /* DownloadVC */,
				B64DCBDA2C58486000782BD3 /* SearchVC */,
				B64DCBD92C58484800782BD3 /* UpComingVC */,
				B64DCBD82C58483100782BD3 /* HomeViC */,
				B64DCBCF2C57F86500782BD3 /* Service */,
			);
			path = Scene;
			sourceTree = "<group>";
		};
		B64DCBCD2C57F84000782BD3 /* Support */ = {
			isa = PBXGroup;
			children = (
				B64DCBB82C57F82E00782BD3 /* AppDelegate.swift */,
				B64DCBBA2C57F82E00782BD3 /* SceneDelegate.swift */,
				B64DCBBC2C57F82E00782BD3 /* ViewController.swift */,
				B64DCBC12C57F82F00782BD3 /* Assets.xcassets */,
				B64DCBC32C57F82F00782BD3 /* LaunchScreen.storyboard */,
				B64DCBC62C57F82F00782BD3 /* Info.plist */,
			);
			path = Support;
			sourceTree = "<group>";
		};
		B64DCBCE2C57F85B00782BD3 /* Manager */ = {
			isa = PBXGroup;
			children = (
			);
			path = Manager;
			sourceTree = "<group>";
		};
		B64DCBCF2C57F86500782BD3 /* Service */ = {
			isa = PBXGroup;
			children = (
				B6E4C41B2C5E7B3100B8AE61 /* ApiConstans.swift */,
				B6E4C41D2C5E839600B8AE61 /* ApiCaller.swift */,
			);
			path = Service;
			sourceTree = "<group>";
		};
		B64DCBD02C57F86B00782BD3 /* Model */ = {
			isa = PBXGroup;
			children = (
				B6E4C4222C5ECA6800B8AE61 /* MovieModel.swift */,
			);
			path = Model;
			sourceTree = "<group>";
		};
		B64DCBD12C57F87B00782BD3 /* Extantion */ = {
			isa = PBXGroup;
			children = (
				B6C3F39F2C5A968700AA3DCA /* CGFloat.swift */,
				B64695A62C82700000033BD5 /* Section n tableview.swift */,
			);
			path = Extantion;
			sourceTree = "<group>";
		};
		B64DCBD82C58483100782BD3 /* HomeViC */ = {
			isa = PBXGroup;
			children = (
				B6E4C41F2C5E8B9F00B8AE61 /* HomeViewModel */,
				B6C3F3A22C5AE04F00AA3DCA /* Cells */,
				B6C3F3A12C5AE04400AA3DCA /* MainHeader */,
			);
			path = HomeViC;
			sourceTree = "<group>";
		};
		B64DCBD92C58484800782BD3 /* UpComingVC */ = {
			isa = PBXGroup;
			children = (
				B64DCBDC2C5848B400782BD3 /* UpComingViewController.swift */,
			);
			path = UpComingVC;
			sourceTree = "<group>";
		};
		B64DCBDA2C58486000782BD3 /* SearchVC */ = {
			isa = PBXGroup;
			children = (
				B64DCBDE2C5848BE00782BD3 /* SearchViewController.swift */,
			);
			path = SearchVC;
			sourceTree = "<group>";
		};
		B64DCBDB2C58487500782BD3 /* DownloadVC */ = {
			isa = PBXGroup;
			children = (
				B64DCBE02C5848CC00782BD3 /* DownloadViewController.swift */,
			);
			path = DownloadVC;
			sourceTree = "<group>";
		};
		B6C3F3A12C5AE04400AA3DCA /* MainHeader */ = {
			isa = PBXGroup;
			children = (
				B6C3F3A32C5AE06D00AA3DCA /* MainHeaderView.swift */,
			);
			path = MainHeader;
			sourceTree = "<group>";
		};
		B6C3F3A22C5AE04F00AA3DCA /* Cells */ = {
			isa = PBXGroup;
			children = (
				B6C3F39B2C5A8EEA00AA3DCA /* CollectionTableViewCell.swift */,
				B6C3F39D2C5A93BB00AA3DCA /* MovieCollectionViewCell.swift */,
			);
			path = Cells;
			sourceTree = "<group>";
		};
		B6E4C41F2C5E8B9F00B8AE61 /* HomeViewModel */ = {
			isa = PBXGroup;
			children = (
				B6E4C4202C5E8BC200B8AE61 /* HomeViewModelContracts.swift */,
				B6E4C4242C5ECFFB00B8AE61 /* HomeViewModel.swift */,
			);
			path = HomeViewModel;
			sourceTree = "<group>";
		};
		B6E4C4262C5ED92800B8AE61 /* Views */ = {
			isa = PBXGroup;
			children = (
				B64DCBD62C58481F00782BD3 /* HomeViewController.swift */,
				B6E4C4272C5F823300B8AE61 /* HomeViewModelBuilder.swift */,
			);
			path = Views;
			sourceTree = "<group>";
		};
/* End PBXGroup section */

/* Begin PBXNativeTarget section */
		B64DCBB42C57F82E00782BD3 /* FavBest */ = {
			isa = PBXNativeTarget;
			buildConfigurationList = B64DCBC92C57F82F00782BD3 /* Build configuration list for PBXNativeTarget "FavBest" */;
			buildPhases = (
				ECC10CBBE77781E4A69EA999 /* [CP] Check Pods Manifest.lock */,
				B64DCBB12C57F82E00782BD3 /* Sources */,
				B64DCBB22C57F82E00782BD3 /* Frameworks */,
				B64DCBB32C57F82E00782BD3 /* Resources */,
				05C1A32ECF762E8B79D0148F /* [CP] Embed Pods Frameworks */,
			);
			buildRules = (
			);
			dependencies = (
			);
			name = FavBest;
			productName = FavBest;
			productReference = B64DCBB52C57F82E00782BD3 /* FavBest.app */;
			productType = "com.apple.product-type.application";
		};
/* End PBXNativeTarget section */

/* Begin PBXProject section */
		B64DCBAD2C57F82E00782BD3 /* Project object */ = {
			isa = PBXProject;
			attributes = {
				BuildIndependentTargetsInParallel = 1;
				LastSwiftUpdateCheck = 1520;
				LastUpgradeCheck = 1520;
				TargetAttributes = {
					B64DCBB42C57F82E00782BD3 = {
						CreatedOnToolsVersion = 15.2;
					};
				};
			};
			buildConfigurationList = B64DCBB02C57F82E00782BD3 /* Build configuration list for PBXProject "FavBest" */;
			compatibilityVersion = "Xcode 14.0";
			developmentRegion = en;
			hasScannedForEncodings = 0;
			knownRegions = (
				en,
				Base,
			);
			mainGroup = B64DCBAC2C57F82E00782BD3;
			productRefGroup = B64DCBB62C57F82E00782BD3 /* Products */;
			projectDirPath = "";
			projectRoot = "";
			targets = (
				B64DCBB42C57F82E00782BD3 /* FavBest */,
			);
		};
/* End PBXProject section */

/* Begin PBXResourcesBuildPhase section */
		B64DCBB32C57F82E00782BD3 /* Resources */ = {
			isa = PBXResourcesBuildPhase;
			buildActionMask = 2147483647;
			files = (
				B64DCBC52C57F82F00782BD3 /* LaunchScreen.storyboard in Resources */,
				B64DCBC22C57F82F00782BD3 /* Assets.xcassets in Resources */,
			);
			runOnlyForDeploymentPostprocessing = 0;
		};
/* End PBXResourcesBuildPhase section */

/* Begin PBXShellScriptBuildPhase section */
		05C1A32ECF762E8B79D0148F /* [CP] Embed Pods Frameworks */ = {
			isa = PBXShellScriptBuildPhase;
			buildActionMask = 2147483647;
			files = (
			);
			inputFileListPaths = (
				"${PODS_ROOT}/Target Support Files/Pods-FavBest/Pods-FavBest-frameworks-${CONFIGURATION}-input-files.xcfilelist",
			);
			name = "[CP] Embed Pods Frameworks";
			outputFileListPaths = (
				"${PODS_ROOT}/Target Support Files/Pods-FavBest/Pods-FavBest-frameworks-${CONFIGURATION}-output-files.xcfilelist",
			);
			runOnlyForDeploymentPostprocessing = 0;
			shellPath = /bin/sh;
			shellScript = "\"${PODS_ROOT}/Target Support Files/Pods-FavBest/Pods-FavBest-frameworks.sh\"\n";
			showEnvVarsInLog = 0;
		};
		ECC10CBBE77781E4A69EA999 /* [CP] Check Pods Manifest.lock */ = {
			isa = PBXShellScriptBuildPhase;
			buildActionMask = 2147483647;
			files = (
			);
			inputFileListPaths = (
			);
			inputPaths = (
				"${PODS_PODFILE_DIR_PATH}/Podfile.lock",
				"${PODS_ROOT}/Manifest.lock",
			);
			name = "[CP] Check Pods Manifest.lock";
			outputFileListPaths = (
			);
			outputPaths = (
				"$(DERIVED_FILE_DIR)/Pods-FavBest-checkManifestLockResult.txt",
			);
			runOnlyForDeploymentPostprocessing = 0;
			shellPath = /bin/sh;
			shellScript = "diff \"${PODS_PODFILE_DIR_PATH}/Podfile.lock\" \"${PODS_ROOT}/Manifest.lock\" > /dev/null\nif [ $? != 0 ] ; then\n    # print error to STDERR\n    echo \"error: The sandbox is not in sync with the Podfile.lock. Run 'pod install' or update your CocoaPods installation.\" >&2\n    exit 1\nfi\n# This output is used by Xcode 'outputs' to avoid re-running this script phase.\necho \"SUCCESS\" > \"${SCRIPT_OUTPUT_FILE_0}\"\n";
			showEnvVarsInLog = 0;
		};
/* End PBXShellScriptBuildPhase section */

/* Begin PBXSourcesBuildPhase section */
		B64DCBB12C57F82E00782BD3 /* Sources */ = {
			isa = PBXSourcesBuildPhase;
			buildActionMask = 2147483647;
			files = (
				B6E4C4252C5ECFFB00B8AE61 /* HomeViewModel.swift in Sources */,
				B64DCBD72C58481F00782BD3 /* HomeViewController.swift in Sources */,
				B64DCBDF2C5848BE00782BD3 /* SearchViewController.swift in Sources */,
				B6C3F3A02C5A968700AA3DCA /* CGFloat.swift in Sources */,
				B64DCBBD2C57F82E00782BD3 /* ViewController.swift in Sources */,
				B6C3F3A42C5AE06D00AA3DCA /* MainHeaderView.swift in Sources */,
				B64DCBB92C57F82E00782BD3 /* AppDelegate.swift in Sources */,
				B6E4C4282C5F823300B8AE61 /* HomeViewModelBuilder.swift in Sources */,
				B64DCBD52C57FD1900782BD3 /* MainTabbarController.swift in Sources */,
				B64DCBDD2C5848B400782BD3 /* UpComingViewController.swift in Sources */,
				B64695A72C82700000033BD5 /* Section n tableview.swift in Sources */,
				B6E4C4212C5E8BC200B8AE61 /* HomeViewModelContracts.swift in Sources */,
				B64DCBE12C5848CC00782BD3 /* DownloadViewController.swift in Sources */,
				B6E4C41E2C5E839600B8AE61 /* ApiCaller.swift in Sources */,
				B6C3F39E2C5A93BB00AA3DCA /* MovieCollectionViewCell.swift in Sources */,
				B6E4C4232C5ECA6800B8AE61 /* MovieModel.swift in Sources */,
				B6C3F39C2C5A8EEA00AA3DCA /* CollectionTableViewCell.swift in Sources */,
				B64DCBBB2C57F82E00782BD3 /* SceneDelegate.swift in Sources */,
				B6E4C41C2C5E7B3100B8AE61 /* ApiConstans.swift in Sources */,
			);
			runOnlyForDeploymentPostprocessing = 0;
		};
/* End PBXSourcesBuildPhase section */

/* Begin PBXVariantGroup section */
		B64DCBC32C57F82F00782BD3 /* LaunchScreen.storyboard */ = {
			isa = PBXVariantGroup;
			children = (
				B64DCBC42C57F82F00782BD3 /* Base */,
			);
			name = LaunchScreen.storyboard;
			sourceTree = "<group>";
		};
/* End PBXVariantGroup section */

/* Begin XCBuildConfiguration section */
		B64DCBC72C57F82F00782BD3 /* Debug */ = {
			isa = XCBuildConfiguration;
			buildSettings = {
				ALWAYS_SEARCH_USER_PATHS = NO;
				ASSETCATALOG_COMPILER_GENERATE_SWIFT_ASSET_SYMBOL_EXTENSIONS = YES;
				CLANG_ANALYZER_NONNULL = YES;
				CLANG_ANALYZER_NUMBER_OBJECT_CONVERSION = YES_AGGRESSIVE;
				CLANG_CXX_LANGUAGE_STANDARD = "gnu++20";
				CLANG_ENABLE_MODULES = YES;
				CLANG_ENABLE_OBJC_ARC = YES;
				CLANG_ENABLE_OBJC_WEAK = YES;
				CLANG_WARN_BLOCK_CAPTURE_AUTORELEASING = YES;
				CLANG_WARN_BOOL_CONVERSION = YES;
				CLANG_WARN_COMMA = YES;
				CLANG_WARN_CONSTANT_CONVERSION = YES;
				CLANG_WARN_DEPRECATED_OBJC_IMPLEMENTATIONS = YES;
				CLANG_WARN_DIRECT_OBJC_ISA_USAGE = YES_ERROR;
				CLANG_WARN_DOCUMENTATION_COMMENTS = YES;
				CLANG_WARN_EMPTY_BODY = YES;
				CLANG_WARN_ENUM_CONVERSION = YES;
				CLANG_WARN_INFINITE_RECURSION = YES;
				CLANG_WARN_INT_CONVERSION = YES;
				CLANG_WARN_NON_LITERAL_NULL_CONVERSION = YES;
				CLANG_WARN_OBJC_IMPLICIT_RETAIN_SELF = YES;
				CLANG_WARN_OBJC_LITERAL_CONVERSION = YES;
				CLANG_WARN_OBJC_ROOT_CLASS = YES_ERROR;
				CLANG_WARN_QUOTED_INCLUDE_IN_FRAMEWORK_HEADER = YES;
				CLANG_WARN_RANGE_LOOP_ANALYSIS = YES;
				CLANG_WARN_STRICT_PROTOTYPES = YES;
				CLANG_WARN_SUSPICIOUS_MOVE = YES;
				CLANG_WARN_UNGUARDED_AVAILABILITY = YES_AGGRESSIVE;
				CLANG_WARN_UNREACHABLE_CODE = YES;
				CLANG_WARN__DUPLICATE_METHOD_MATCH = YES;
				COPY_PHASE_STRIP = NO;
				DEBUG_INFORMATION_FORMAT = dwarf;
				ENABLE_STRICT_OBJC_MSGSEND = YES;
				ENABLE_TESTABILITY = YES;
				ENABLE_USER_SCRIPT_SANDBOXING = NO;
				GCC_C_LANGUAGE_STANDARD = gnu17;
				GCC_DYNAMIC_NO_PIC = NO;
				GCC_NO_COMMON_BLOCKS = YES;
				GCC_OPTIMIZATION_LEVEL = 0;
				GCC_PREPROCESSOR_DEFINITIONS = (
					"DEBUG=1",
					"$(inherited)",
				);
				GCC_WARN_64_TO_32_BIT_CONVERSION = YES;
				GCC_WARN_ABOUT_RETURN_TYPE = YES_ERROR;
				GCC_WARN_UNDECLARED_SELECTOR = YES;
				GCC_WARN_UNINITIALIZED_AUTOS = YES_AGGRESSIVE;
				GCC_WARN_UNUSED_FUNCTION = YES;
				GCC_WARN_UNUSED_VARIABLE = YES;
				IPHONEOS_DEPLOYMENT_TARGET = 17.2;
				LOCALIZATION_PREFERS_STRING_CATALOGS = YES;
				MTL_ENABLE_DEBUG_INFO = INCLUDE_SOURCE;
				MTL_FAST_MATH = YES;
				ONLY_ACTIVE_ARCH = YES;
				SDKROOT = iphoneos;
				SWIFT_ACTIVE_COMPILATION_CONDITIONS = "DEBUG $(inherited)";
				SWIFT_OPTIMIZATION_LEVEL = "-Onone";
			};
			name = Debug;
		};
		B64DCBC82C57F82F00782BD3 /* Release */ = {
			isa = XCBuildConfiguration;
			buildSettings = {
				ALWAYS_SEARCH_USER_PATHS = NO;
				ASSETCATALOG_COMPILER_GENERATE_SWIFT_ASSET_SYMBOL_EXTENSIONS = YES;
				CLANG_ANALYZER_NONNULL = YES;
				CLANG_ANALYZER_NUMBER_OBJECT_CONVERSION = YES_AGGRESSIVE;
				CLANG_CXX_LANGUAGE_STANDARD = "gnu++20";
				CLANG_ENABLE_MODULES = YES;
				CLANG_ENABLE_OBJC_ARC = YES;
				CLANG_ENABLE_OBJC_WEAK = YES;
				CLANG_WARN_BLOCK_CAPTURE_AUTORELEASING = YES;
				CLANG_WARN_BOOL_CONVERSION = YES;
				CLANG_WARN_COMMA = YES;
				CLANG_WARN_CONSTANT_CONVERSION = YES;
				CLANG_WARN_DEPRECATED_OBJC_IMPLEMENTATIONS = YES;
				CLANG_WARN_DIRECT_OBJC_ISA_USAGE = YES_ERROR;
				CLANG_WARN_DOCUMENTATION_COMMENTS = YES;
				CLANG_WARN_EMPTY_BODY = YES;
				CLANG_WARN_ENUM_CONVERSION = YES;
				CLANG_WARN_INFINITE_RECURSION = YES;
				CLANG_WARN_INT_CONVERSION = YES;
				CLANG_WARN_NON_LITERAL_NULL_CONVERSION = YES;
				CLANG_WARN_OBJC_IMPLICIT_RETAIN_SELF = YES;
				CLANG_WARN_OBJC_LITERAL_CONVERSION = YES;
				CLANG_WARN_OBJC_ROOT_CLASS = YES_ERROR;
				CLANG_WARN_QUOTED_INCLUDE_IN_FRAMEWORK_HEADER = YES;
				CLANG_WARN_RANGE_LOOP_ANALYSIS = YES;
				CLANG_WARN_STRICT_PROTOTYPES = YES;
				CLANG_WARN_SUSPICIOUS_MOVE = YES;
				CLANG_WARN_UNGUARDED_AVAILABILITY = YES_AGGRESSIVE;
				CLANG_WARN_UNREACHABLE_CODE = YES;
				CLANG_WARN__DUPLICATE_METHOD_MATCH = YES;
				COPY_PHASE_STRIP = NO;
				DEBUG_INFORMATION_FORMAT = "dwarf-with-dsym";
				ENABLE_NS_ASSERTIONS = NO;
				ENABLE_STRICT_OBJC_MSGSEND = YES;
				ENABLE_USER_SCRIPT_SANDBOXING = NO;
				GCC_C_LANGUAGE_STANDARD = gnu17;
				GCC_NO_COMMON_BLOCKS = YES;
				GCC_WARN_64_TO_32_BIT_CONVERSION = YES;
				GCC_WARN_ABOUT_RETURN_TYPE = YES_ERROR;
				GCC_WARN_UNDECLARED_SELECTOR = YES;
				GCC_WARN_UNINITIALIZED_AUTOS = YES_AGGRESSIVE;
				GCC_WARN_UNUSED_FUNCTION = YES;
				GCC_WARN_UNUSED_VARIABLE = YES;
				IPHONEOS_DEPLOYMENT_TARGET = 17.2;
				LOCALIZATION_PREFERS_STRING_CATALOGS = YES;
				MTL_ENABLE_DEBUG_INFO = NO;
				MTL_FAST_MATH = YES;
				SDKROOT = iphoneos;
				SWIFT_COMPILATION_MODE = wholemodule;
				VALIDATE_PRODUCT = YES;
			};
			name = Release;
		};
		B64DCBCA2C57F82F00782BD3 /* Debug */ = {
			isa = XCBuildConfiguration;
			baseConfigurationReference = FAB13DFD6C680357A7C307F7 /* Pods-FavBest.debug.xcconfig */;
			buildSettings = {
				ASSETCATALOG_COMPILER_APPICON_NAME = AppIcon;
				ASSETCATALOG_COMPILER_GLOBAL_ACCENT_COLOR_NAME = AccentColor;
				CODE_SIGN_STYLE = Automatic;
				CURRENT_PROJECT_VERSION = 1;
				ENABLE_USER_SCRIPT_SANDBOXING = NO;
				GENERATE_INFOPLIST_FILE = YES;
				INFOPLIST_FILE = /Users/denizotlu/Desktop/FavBest/FavBest/Support/Info.plist;
				INFOPLIST_KEY_UIApplicationSupportsIndirectInputEvents = YES;
				INFOPLIST_KEY_UILaunchStoryboardName = LaunchScreen;
				INFOPLIST_KEY_UISupportedInterfaceOrientations_iPad = "UIInterfaceOrientationPortrait UIInterfaceOrientationPortraitUpsideDown UIInterfaceOrientationLandscapeLeft UIInterfaceOrientationLandscapeRight";
				INFOPLIST_KEY_UISupportedInterfaceOrientations_iPhone = "UIInterfaceOrientationPortrait UIInterfaceOrientationLandscapeLeft UIInterfaceOrientationLandscapeRight";
				LD_RUNPATH_SEARCH_PATHS = (
					"$(inherited)",
					"@executable_path/Frameworks",
				);
				MARKETING_VERSION = 1.0;
				PRODUCT_BUNDLE_IDENTIFIER = com.denizotlu.FavBest;
				PRODUCT_NAME = "$(TARGET_NAME)";
				SWIFT_EMIT_LOC_STRINGS = YES;
				SWIFT_VERSION = 5.0;
				TARGETED_DEVICE_FAMILY = "1,2";
			};
			name = Debug;
		};
		B64DCBCB2C57F82F00782BD3 /* Release */ = {
			isa = XCBuildConfiguration;
			baseConfigurationReference = 4AFE5D7AF72EBF877A998E61 /* Pods-FavBest.release.xcconfig */;
			buildSettings = {
				ASSETCATALOG_COMPILER_APPICON_NAME = AppIcon;
				ASSETCATALOG_COMPILER_GLOBAL_ACCENT_COLOR_NAME = AccentColor;
				CODE_SIGN_STYLE = Automatic;
				CURRENT_PROJECT_VERSION = 1;
				ENABLE_USER_SCRIPT_SANDBOXING = NO;
				GENERATE_INFOPLIST_FILE = YES;
				INFOPLIST_FILE = /Users/denizotlu/Desktop/FavBest/FavBest/Support/Info.plist;
				INFOPLIST_KEY_UIApplicationSupportsIndirectInputEvents = YES;
				INFOPLIST_KEY_UILaunchStoryboardName = LaunchScreen;
				INFOPLIST_KEY_UISupportedInterfaceOrientations_iPad = "UIInterfaceOrientationPortrait UIInterfaceOrientationPortraitUpsideDown UIInterfaceOrientationLandscapeLeft UIInterfaceOrientationLandscapeRight";
				INFOPLIST_KEY_UISupportedInterfaceOrientations_iPhone = "UIInterfaceOrientationPortrait UIInterfaceOrientationLandscapeLeft UIInterfaceOrientationLandscapeRight";
				LD_RUNPATH_SEARCH_PATHS = (
					"$(inherited)",
					"@executable_path/Frameworks",
				);
				MARKETING_VERSION = 1.0;
				PRODUCT_BUNDLE_IDENTIFIER = com.denizotlu.FavBest;
				PRODUCT_NAME = "$(TARGET_NAME)";
				SWIFT_EMIT_LOC_STRINGS = YES;
				SWIFT_VERSION = 5.0;
				TARGETED_DEVICE_FAMILY = "1,2";
			};
			name = Release;
		};
/* End XCBuildConfiguration section */

/* Begin XCConfigurationList section */
		B64DCBB02C57F82E00782BD3 /* Build configuration list for PBXProject "FavBest" */ = {
			isa = XCConfigurationList;
			buildConfigurations = (
				B64DCBC72C57F82F00782BD3 /* Debug */,
				B64DCBC82C57F82F00782BD3 /* Release */,
			);
			defaultConfigurationIsVisible = 0;
			defaultConfigurationName = Release;
		};
		B64DCBC92C57F82F00782BD3 /* Build configuration list for PBXNativeTarget "FavBest" */ = {
			isa = XCConfigurationList;
			buildConfigurations = (
				B64DCBCA2C57F82F00782BD3 /* Debug */,
				B64DCBCB2C57F82F00782BD3 /* Release */,
			);
			defaultConfigurationIsVisible = 0;
			defaultConfigurationName = Release;
		};
/* End XCConfigurationList section */
	};
	rootObject = B64DCBAD2C57F82E00782BD3 /* Project object */;
}
